[[package]]
category = "main"
description = "A built-package format for Python"
name = "wheel"
optional = false
python-versions = "!=3.0.*,!=3.1.*,!=3.2.*,!=3.3.*,!=3.4.*,>=2.7"
version = "0.35.1"

[package.extras]
test = ["pytest (>=3.0.0)", "pytest-cov"]

[metadata]
content-hash = "d008de26d802d38a1acf6d868ebec0917da83eb53463c186f9c459cf660f79dd"
python-versions = "^3.8"

[metadata.files]
wheel = [
    {file = "wheel-0.35.1-py2.py3-none-any.whl", hash = "sha256:497add53525d16c173c2c1c733b8f655510e909ea78cc0e29d374243544b77a2"},
    {file = "wheel-0.35.1.tar.gz", hash = "sha256:99a22d87add3f634ff917310a3d87e499f19e663413a52eb9232c447aa646c9f"},
]
